// !$*UTF8*$!
{
	archiveVersion = 1;
	classes = {
	};
	objectVersion = 56;
	objects = {

/* Begin PBXBuildFile section */
		FA90707529D91B1900B5E7DF /* AddContactTVController.swift in Sources */ = {isa = PBXBuildFile; fileRef = FA90707429D91B1900B5E7DF /* AddContactTVController.swift */; };
		FAEAC7C629D90A4900A34C00 /* AppDelegate.swift in Sources */ = {isa = PBXBuildFile; fileRef = FAEAC7C529D90A4900A34C00 /* AppDelegate.swift */; };
		FAEAC7C829D90A4900A34C00 /* SceneDelegate.swift in Sources */ = {isa = PBXBuildFile; fileRef = FAEAC7C729D90A4900A34C00 /* SceneDelegate.swift */; };
		FAEAC7CF29D90A4A00A34C00 /* Assets.xcassets in Resources */ = {isa = PBXBuildFile; fileRef = FAEAC7CE29D90A4A00A34C00 /* Assets.xcassets */; };
		FAEAC7D229D90A4A00A34C00 /* LaunchScreen.storyboard in Resources */ = {isa = PBXBuildFile; fileRef = FAEAC7D029D90A4A00A34C00 /* LaunchScreen.storyboard */; };
		FAEAC7DA29D90C0700A34C00 /* GoogleService-Info.plist in Resources */ = {isa = PBXBuildFile; fileRef = FAEAC7D929D90C0600A34C00 /* GoogleService-Info.plist */; };
		FAEAC7DD29D90E0C00A34C00 /* FirebaseFirestore in Frameworks */ = {isa = PBXBuildFile; productRef = FAEAC7DC29D90E0C00A34C00 /* FirebaseFirestore */; };
		FAEAC7E529D90E6D00A34C00 /* ContactsTVController.swift in Sources */ = {isa = PBXBuildFile; fileRef = FAEAC7DE29D90E6A00A34C00 /* ContactsTVController.swift */; };
		FAEAC7E629D90E6D00A34C00 /* ContactTVCell.swift in Sources */ = {isa = PBXBuildFile; fileRef = FAEAC7DF29D90E6B00A34C00 /* ContactTVCell.swift */; };
		FAEAC7E729D90E6D00A34C00 /* Main.storyboard in Resources */ = {isa = PBXBuildFile; fileRef = FAEAC7E029D90E6B00A34C00 /* Main.storyboard */; };
		FAEAC7E829D90E6D00A34C00 /* ContactRepository.swift in Sources */ = {isa = PBXBuildFile; fileRef = FAEAC7E129D90E6C00A34C00 /* ContactRepository.swift */; };
		FAEAC7E929D90E6D00A34C00 /* EditContactTVController.swift in Sources */ = {isa = PBXBuildFile; fileRef = FAEAC7E229D90E6C00A34C00 /* EditContactTVController.swift */; };
		FAEAC7EA29D90E6D00A34C00 /* ViewContactTVController.swift in Sources */ = {isa = PBXBuildFile; fileRef = FAEAC7E329D90E6C00A34C00 /* ViewContactTVController.swift */; };
		FAEAC7EB29D90E6D00A34C00 /* Contact.swift in Sources */ = {isa = PBXBuildFile; fileRef = FAEAC7E429D90E6D00A34C00 /* Contact.swift */; };
/* End PBXBuildFile section */

/* Begin PBXFileReference section */
		FA90707429D91B1900B5E7DF /* AddContactTVController.swift */ = {isa = PBXFileReference; lastKnownFileType = sourcecode.swift; path = AddContactTVController.swift; sourceTree = "<group>"; };
		FAEAC7C229D90A4900A34C00 /* ContactsFirestore3.app */ = {isa = PBXFileReference; explicitFileType = wrapper.application; includeInIndex = 0; path = ContactsFirestore3.app; sourceTree = BUILT_PRODUCTS_DIR; };
		FAEAC7C529D90A4900A34C00 /* AppDelegate.swift */ = {isa = PBXFileReference; lastKnownFileType = sourcecode.swift; path = AppDelegate.swift; sourceTree = "<group>"; };
		FAEAC7C729D90A4900A34C00 /* SceneDelegate.swift */ = {isa = PBXFileReference; lastKnownFileType = sourcecode.swift; path = SceneDelegate.swift; sourceTree = "<group>"; };
		FAEAC7CE29D90A4A00A34C00 /* Assets.xcassets */ = {isa = PBXFileReference; lastKnownFileType = folder.assetcatalog; path = Assets.xcassets; sourceTree = "<group>"; };
		FAEAC7D129D90A4A00A34C00 /* Base */ = {isa = PBXFileReference; lastKnownFileType = file.storyboard; name = Base; path = Base.lproj/LaunchScreen.storyboard; sourceTree = "<group>"; };
		FAEAC7D329D90A4A00A34C00 /* Info.plist */ = {isa = PBXFileReference; lastKnownFileType = text.plist.xml; path = Info.plist; sourceTree = "<group>"; };
		FAEAC7D929D90C0600A34C00 /* GoogleService-Info.plist */ = {isa = PBXFileReference; fileEncoding = 4; lastKnownFileType = text.plist.xml; path = "GoogleService-Info.plist"; sourceTree = "<group>"; };
		FAEAC7DE29D90E6A00A34C00 /* ContactsTVController.swift */ = {isa = PBXFileReference; fileEncoding = 4; lastKnownFileType = sourcecode.swift; path = ContactsTVController.swift; sourceTree = "<group>"; };
		FAEAC7DF29D90E6B00A34C00 /* ContactTVCell.swift */ = {isa = PBXFileReference; fileEncoding = 4; lastKnownFileType = sourcecode.swift; path = ContactTVCell.swift; sourceTree = "<group>"; };
		FAEAC7E029D90E6B00A34C00 /* Main.storyboard */ = {isa = PBXFileReference; fileEncoding = 4; lastKnownFileType = file.storyboard; path = Main.storyboard; sourceTree = "<group>"; };
		FAEAC7E129D90E6C00A34C00 /* ContactRepository.swift */ = {isa = PBXFileReference; fileEncoding = 4; lastKnownFileType = sourcecode.swift; path = ContactRepository.swift; sourceTree = "<group>"; };
		FAEAC7E229D90E6C00A34C00 /* EditContactTVController.swift */ = {isa = PBXFileReference; fileEncoding = 4; lastKnownFileType = sourcecode.swift; path = EditContactTVController.swift; sourceTree = "<group>"; };
		FAEAC7E329D90E6C00A34C00 /* ViewContactTVController.swift */ = {isa = PBXFileReference; fileEncoding = 4; lastKnownFileType = sourcecode.swift; path = ViewContactTVController.swift; sourceTree = "<group>"; };
		FAEAC7E429D90E6D00A34C00 /* Contact.swift */ = {isa = PBXFileReference; fileEncoding = 4; lastKnownFileType = sourcecode.swift; path = Contact.swift; sourceTree = "<group>"; };
/* End PBXFileReference section */

/* Begin PBXFrameworksBuildPhase section */
		FAEAC7BF29D90A4900A34C00 /* Frameworks */ = {
			isa = PBXFrameworksBuildPhase;
			buildActionMask = 2147483647;
			files = (
				FAEAC7DD29D90E0C00A34C00 /* FirebaseFirestore in Frameworks */,
			);
			runOnlyForDeploymentPostprocessing = 0;
		};
/* End PBXFrameworksBuildPhase section */

/* Begin PBXGroup section */
		FAEAC7B929D90A4900A34C00 = {
			isa = PBXGroup;
			children = (
				FAEAC7C429D90A4900A34C00 /* ContactsFirestore3 */,
				FAEAC7C329D90A4900A34C00 /* Products */,
			);
			sourceTree = "<group>";
		};
		FAEAC7C329D90A4900A34C00 /* Products */ = {
			isa = PBXGroup;
			children = (
				FAEAC7C229D90A4900A34C00 /* ContactsFirestore3.app */,
			);
			name = Products;
			sourceTree = "<group>";
		};
		FAEAC7C429D90A4900A34C00 /* ContactsFirestore3 */ = {
			isa = PBXGroup;
			children = (
				FAEAC7D929D90C0600A34C00 /* GoogleService-Info.plist */,
				FAEAC7C529D90A4900A34C00 /* AppDelegate.swift */,
				FAEAC7C729D90A4900A34C00 /* SceneDelegate.swift */,
				FAEAC7E429D90E6D00A34C00 /* Contact.swift */,
				FAEAC7E129D90E6C00A34C00 /* ContactRepository.swift */,
				FAEAC7DE29D90E6A00A34C00 /* ContactsTVController.swift */,
				FAEAC7DF29D90E6B00A34C00 /* ContactTVCell.swift */,
				FAEAC7E229D90E6C00A34C00 /* EditContactTVController.swift */,
				FAEAC7E029D90E6B00A34C00 /* Main.storyboard */,
				FA90707429D91B1900B5E7DF /* AddContactTVController.swift */,
				FAEAC7E329D90E6C00A34C00 /* ViewContactTVController.swift */,
				FAEAC7CE29D90A4A00A34C00 /* Assets.xcassets */,
				FAEAC7D029D90A4A00A34C00 /* LaunchScreen.storyboard */,
				FAEAC7D329D90A4A00A34C00 /* Info.plist */,
			);
			path = ContactsFirestore3;
			sourceTree = "<group>";
		};
/* End PBXGroup section */

/* Begin PBXNativeTarget section */
		FAEAC7C129D90A4900A34C00 /* ContactsFirestore3 */ = {
			isa = PBXNativeTarget;
			buildConfigurationList = FAEAC7D629D90A4A00A34C00 /* Build configuration list for PBXNativeTarget "ContactsFirestore3" */;
			buildPhases = (
				FAEAC7BE29D90A4900A34C00 /* Sources */,
				FAEAC7BF29D90A4900A34C00 /* Frameworks */,
				FAEAC7C029D90A4900A34C00 /* Resources */,
			);
			buildRules = (
			);
			dependencies = (
			);
			name = ContactsFirestore3;
			packageProductDependencies = (
				FAEAC7DC29D90E0C00A34C00 /* FirebaseFirestore */,
			);
			productName = ContactsFirestore3;
			productReference = FAEAC7C229D90A4900A34C00 /* ContactsFirestore3.app */;
			productType = "com.apple.product-type.application";
		};
/* End PBXNativeTarget section */

/* Begin PBXProject section */
		FAEAC7BA29D90A4900A34C00 /* Project object */ = {
			isa = PBXProject;
			attributes = {
				BuildIndependentTargetsInParallel = 1;
				LastSwiftUpdateCheck = 1430;
				LastUpgradeCheck = 1430;
				TargetAttributes = {
					FAEAC7C129D90A4900A34C00 = {
						CreatedOnToolsVersion = 14.3;
					};
				};
			};
			buildConfigurationList = FAEAC7BD29D90A4900A34C00 /* Build configuration list for PBXProject "ContactsFirestore3" */;
			compatibilityVersion = "Xcode 14.0";
			developmentRegion = en;
			hasScannedForEncodings = 0;
			knownRegions = (
				en,
				Base,
			);
			mainGroup = FAEAC7B929D90A4900A34C00;
			packageReferences = (
				FAEAC7DB29D90E0C00A34C00 /* XCRemoteSwiftPackageReference "firebase-ios-sdk" */,
			);
			productRefGroup = FAEAC7C329D90A4900A34C00 /* Products */;
			projectDirPath = "";
			projectRoot = "";
			targets = (
				FAEAC7C129D90A4900A34C00 /* ContactsFirestore3 */,
			);
		};
/* End PBXProject section */

/* Begin PBXResourcesBuildPhase section */
		FAEAC7C029D90A4900A34C00 /* Resources */ = {
			isa = PBXResourcesBuildPhase;
			buildActionMask = 2147483647;
			files = (
				FAEAC7D229D90A4A00A34C00 /* LaunchScreen.storyboard in Resources */,
				FAEAC7DA29D90C0700A34C00 /* GoogleService-Info.plist in Resources */,
				FAEAC7CF29D90A4A00A34C00 /* Assets.xcassets in Resources */,
				FAEAC7E729D90E6D00A34C00 /* Main.storyboard in Resources */,
			);
			runOnlyForDeploymentPostprocessing = 0;
		};
/* End PBXResourcesBuildPhase section */

/* Begin PBXSourcesBuildPhase section */
		FAEAC7BE29D90A4900A34C00 /* Sources */ = {
			isa = PBXSourcesBuildPhase;
			buildActionMask = 2147483647;
			files = (
				FAEAC7E629D90E6D00A34C00 /* ContactTVCell.swift in Sources */,
				FA90707529D91B1900B5E7DF /* AddContactTVController.swift in Sources */,
				FAEAC7C629D90A4900A34C00 /* AppDelegate.swift in Sources */,
				FAEAC7E529D90E6D00A34C00 /* ContactsTVController.swift in Sources */,
				FAEAC7C829D90A4900A34C00 /* SceneDelegate.swift in Sources */,
				FAEAC7EB29D90E6D00A34C00 /* Contact.swift in Sources */,
				FAEAC7EA29D90E6D00A34C00 /* ViewContactTVController.swift in Sources */,
				FAEAC7E929D90E6D00A34C00 /* EditContactTVController.swift in Sources */,
				FAEAC7E829D90E6D00A34C00 /* ContactRepository.swift in Sources */,
			);
			runOnlyForDeploymentPostprocessing = 0;
		};
/* End PBXSourcesBuildPhase section */

/* Begin PBXVariantGroup section */
		FAEAC7D029D90A4A00A34C00 /* LaunchScreen.storyboard */ = {
			isa = PBXVariantGroup;
			children = (
				FAEAC7D129D90A4A00A34C00 /* Base */,
			);
			name = LaunchScreen.storyboard;
			sourceTree = "<group>";
		};
/* End PBXVariantGroup section */

/* Begin XCBuildConfiguration section */
		FAEAC7D429D90A4A00A34C00 /* Debug */ = {
			isa = XCBuildConfiguration;
			buildSettings = {
				ALWAYS_SEARCH_USER_PATHS = NO;
				CLANG_ANALYZER_NONNULL = YES;
				CLANG_ANALYZER_NUMBER_OBJECT_CONVERSION = YES_AGGRESSIVE;
				CLANG_CXX_LANGUAGE_STANDARD = "gnu++20";
				CLANG_ENABLE_MODULES = YES;
				CLANG_ENABLE_OBJC_ARC = YES;
				CLANG_ENABLE_OBJC_WEAK = YES;
				CLANG_WARN_BLOCK_CAPTURE_AUTORELEASING = YES;
				CLANG_WARN_BOOL_CONVERSION = YES;
				CLANG_WARN_COMMA = YES;
				CLANG_WARN_CONSTANT_CONVERSION = YES;
				CLANG_WARN_DEPRECATED_OBJC_IMPLEMENTATIONS = YES;
				CLANG_WARN_DIRECT_OBJC_ISA_USAGE = YES_ERROR;
				CLANG_WARN_DOCUMENTATION_COMMENTS = YES;
				CLANG_WARN_EMPTY_BODY = YES;
				CLANG_WARN_ENUM_CONVERSION = YES;
				CLANG_WARN_INFINITE_RECURSION = YES;
				CLANG_WARN_INT_CONVERSION = YES;
				CLANG_WARN_NON_LITERAL_NULL_CONVERSION = YES;
				CLANG_WARN_OBJC_IMPLICIT_RETAIN_SELF = YES;
				CLANG_WARN_OBJC_LITERAL_CONVERSION = YES;
				CLANG_WARN_OBJC_ROOT_CLASS = YES_ERROR;
				CLANG_WARN_QUOTED_INCLUDE_IN_FRAMEWORK_HEADER = YES;
				CLANG_WARN_RANGE_LOOP_ANALYSIS = YES;
				CLANG_WARN_STRICT_PROTOTYPES = YES;
				CLANG_WARN_SUSPICIOUS_MOVE = YES;
				CLANG_WARN_UNGUARDED_AVAILABILITY = YES_AGGRESSIVE;
				CLANG_WARN_UNREACHABLE_CODE = YES;
				CLANG_WARN__DUPLICATE_METHOD_MATCH = YES;
				COPY_PHASE_STRIP = NO;
				DEBUG_INFORMATION_FORMAT = dwarf;
				ENABLE_STRICT_OBJC_MSGSEND = YES;
				ENABLE_TESTABILITY = YES;
				GCC_C_LANGUAGE_STANDARD = gnu11;
				GCC_DYNAMIC_NO_PIC = NO;
				GCC_NO_COMMON_BLOCKS = YES;
				GCC_OPTIMIZATION_LEVEL = 0;
				GCC_PREPROCESSOR_DEFINITIONS = (
					"DEBUG=1",
					"$(inherited)",
				);
				GCC_WARN_64_TO_32_BIT_CONVERSION = YES;
				GCC_WARN_ABOUT_RETURN_TYPE = YES_ERROR;
				GCC_WARN_UNDECLARED_SELECTOR = YES;
				GCC_WARN_UNINITIALIZED_AUTOS = YES_AGGRESSIVE;
				GCC_WARN_UNUSED_FUNCTION = YES;
				GCC_WARN_UNUSED_VARIABLE = YES;
				IPHONEOS_DEPLOYMENT_TARGET = 16.4;
				MTL_ENABLE_DEBUG_INFO = INCLUDE_SOURCE;
				MTL_FAST_MATH = YES;
				ONLY_ACTIVE_ARCH = YES;
				SDKROOT = iphoneos;
				SWIFT_ACTIVE_COMPILATION_CONDITIONS = DEBUG;
				SWIFT_OPTIMIZATION_LEVEL = "-Onone";
			};
			name = Debug;
		};
		FAEAC7D529D90A4A00A34C00 /* Release */ = {
			isa = XCBuildConfiguration;
			buildSettings = {
				ALWAYS_SEARCH_USER_PATHS = NO;
				CLANG_ANALYZER_NONNULL = YES;
				CLANG_ANALYZER_NUMBER_OBJECT_CONVERSION = YES_AGGRESSIVE;
				CLANG_CXX_LANGUAGE_STANDARD = "gnu++20";
				CLANG_ENABLE_MODULES = YES;
				CLANG_ENABLE_OBJC_ARC = YES;
				CLANG_ENABLE_OBJC_WEAK = YES;
				CLANG_WARN_BLOCK_CAPTURE_AUTORELEASING = YES;
				CLANG_WARN_BOOL_CONVERSION = YES;
				CLANG_WARN_COMMA = YES;
				CLANG_WARN_CONSTANT_CONVERSION = YES;
				CLANG_WARN_DEPRECATED_OBJC_IMPLEMENTATIONS = YES;
				CLANG_WARN_DIRECT_OBJC_ISA_USAGE = YES_ERROR;
				CLANG_WARN_DOCUMENTATION_COMMENTS = YES;
				CLANG_WARN_EMPTY_BODY = YES;
				CLANG_WARN_ENUM_CONVERSION = YES;
				CLANG_WARN_INFINITE_RECURSION = YES;
				CLANG_WARN_INT_CONVERSION = YES;
				CLANG_WARN_NON_LITERAL_NULL_CONVERSION = YES;
				CLANG_WARN_OBJC_IMPLICIT_RETAIN_SELF = YES;
				CLANG_WARN_OBJC_LITERAL_CONVERSION = YES;
				CLANG_WARN_OBJC_ROOT_CLASS = YES_ERROR;
				CLANG_WARN_QUOTED_INCLUDE_IN_FRAMEWORK_HEADER = YES;
				CLANG_WARN_RANGE_LOOP_ANALYSIS = YES;
				CLANG_WARN_STRICT_PROTOTYPES = YES;
				CLANG_WARN_SUSPICIOUS_MOVE = YES;
				CLANG_WARN_UNGUARDED_AVAILABILITY = YES_AGGRESSIVE;
				CLANG_WARN_UNREACHABLE_CODE = YES;
				CLANG_WARN__DUPLICATE_METHOD_MATCH = YES;
				COPY_PHASE_STRIP = NO;
				DEBUG_INFORMATION_FORMAT = "dwarf-with-dsym";
				ENABLE_NS_ASSERTIONS = NO;
				ENABLE_STRICT_OBJC_MSGSEND = YES;
				GCC_C_LANGUAGE_STANDARD = gnu11;
				GCC_NO_COMMON_BLOCKS = YES;
				GCC_WARN_64_TO_32_BIT_CONVERSION = YES;
				GCC_WARN_ABOUT_RETURN_TYPE = YES_ERROR;
				GCC_WARN_UNDECLARED_SELECTOR = YES;
				GCC_WARN_UNINITIALIZED_AUTOS = YES_AGGRESSIVE;
				GCC_WARN_UNUSED_FUNCTION = YES;
				GCC_WARN_UNUSED_VARIABLE = YES;
				IPHONEOS_DEPLOYMENT_TARGET = 16.4;
				MTL_ENABLE_DEBUG_INFO = NO;
				MTL_FAST_MATH = YES;
				SDKROOT = iphoneos;
				SWIFT_COMPILATION_MODE = wholemodule;
				SWIFT_OPTIMIZATION_LEVEL = "-O";
				VALIDATE_PRODUCT = YES;
			};
			name = Release;
		};
		FAEAC7D729D90A4A00A34C00 /* Debug */ = {
			isa = XCBuildConfiguration;
			buildSettings = {
				ASSETCATALOG_COMPILER_APPICON_NAME = AppIcon;
				ASSETCATALOG_COMPILER_GLOBAL_ACCENT_COLOR_NAME = AccentColor;
				CODE_SIGN_STYLE = Automatic;
				CURRENT_PROJECT_VERSION = 1;
				GENERATE_INFOPLIST_FILE = YES;
				INFOPLIST_FILE = ContactsFirestore3/Info.plist;
				INFOPLIST_KEY_UIApplicationSupportsIndirectInputEvents = YES;
				INFOPLIST_KEY_UILaunchStoryboardName = LaunchScreen;
				INFOPLIST_KEY_UIMainStoryboardFile = Main;
				INFOPLIST_KEY_UISupportedInterfaceOrientations_iPad = "UIInterfaceOrientationPortrait UIInterfaceOrientationPortraitUpsideDown UIInterfaceOrientationLandscapeLeft UIInterfaceOrientationLandscapeRight";
				INFOPLIST_KEY_UISupportedInterfaceOrientations_iPhone = "UIInterfaceOrientationPortrait UIInterfaceOrientationLandscapeLeft UIInterfaceOrientationLandscapeRight";
				LD_RUNPATH_SEARCH_PATHS = (
					"$(inherited)",
					"@executable_path/Frameworks",
				);
				MARKETING_VERSION = 1.0;
				PRODUCT_BUNDLE_IDENTIFIER = com.blueradix.tutorial.ContactsFirestore3;
				PRODUCT_NAME = "$(TARGET_NAME)";
				SWIFT_EMIT_LOC_STRINGS = YES;
				SWIFT_VERSION = 5.0;
				TARGETED_DEVICE_FAMILY = "1,2";
			};
			name = Debug;
		};
		FAEAC7D829D90A4A00A34C00 /* Release */ = {
			isa = XCBuildConfiguration;
			buildSettings = {
				ASSETCATALOG_COMPILER_APPICON_NAME = AppIcon;
				ASSETCATALOG_COMPILER_GLOBAL_ACCENT_COLOR_NAME = AccentColor;
				CODE_SIGN_STYLE = Automatic;
				CURRENT_PROJECT_VERSION = 1;
				GENERATE_INFOPLIST_FILE = YES;
				INFOPLIST_FILE = ContactsFirestore3/Info.plist;
				INFOPLIST_KEY_UIApplicationSupportsIndirectInputEvents = YES;
				INFOPLIST_KEY_UILaunchStoryboardName = LaunchScreen;
				INFOPLIST_KEY_UIMainStoryboardFile = Main;
				INFOPLIST_KEY_UISupportedInterfaceOrientations_iPad = "UIInterfaceOrientationPortrait UIInterfaceOrientationPortraitUpsideDown UIInterfaceOrientationLandscapeLeft UIInterfaceOrientationLandscapeRight";
				INFOPLIST_KEY_UISupportedInterfaceOrientations_iPhone = "UIInterfaceOrientationPortrait UIInterfaceOrientationLandscapeLeft UIInterfaceOrientationLandscapeRight";
				LD_RUNPATH_SEARCH_PATHS = (
					"$(inherited)",
					"@executable_path/Frameworks",
				);
				MARKETING_VERSION = 1.0;
				PRODUCT_BUNDLE_IDENTIFIER = com.blueradix.tutorial.ContactsFirestore3;
				PRODUCT_NAME = "$(TARGET_NAME)";
				SWIFT_EMIT_LOC_STRINGS = YES;
				SWIFT_VERSION = 5.0;
				TARGETED_DEVICE_FAMILY = "1,2";
			};
			name = Release;
		};
/* End XCBuildConfiguration section */

/* Begin XCConfigurationList section */
		FAEAC7BD29D90A4900A34C00 /* Build configuration list for PBXProject "ContactsFirestore3" */ = {
			isa = XCConfigurationList;
			buildConfigurations = (
				FAEAC7D429D90A4A00A34C00 /* Debug */,
				FAEAC7D529D90A4A00A34C00 /* Release */,
			);
			defaultConfigurationIsVisible = 0;
			defaultConfigurationName = Release;
		};
		FAEAC7D629D90A4A00A34C00 /* Build configuration list for PBXNativeTarget "ContactsFirestore3" */ = {
			isa = XCConfigurationList;
			buildConfigurations = (
				FAEAC7D729D90A4A00A34C00 /* Debug */,
				FAEAC7D829D90A4A00A34C00 /* Release */,
			);
			defaultConfigurationIsVisible = 0;
			defaultConfigurationName = Release;
		};
/* End XCConfigurationList section */

/* Begin XCRemoteSwiftPackageReference section */
		FAEAC7DB29D90E0C00A34C00 /* XCRemoteSwiftPackageReference "firebase-ios-sdk" */ = {
			isa = XCRemoteSwiftPackageReference;
			repositoryURL = "https://github.com/firebase/firebase-ios-sdk";
			requirement = {
				kind = versionRange;
				maximumVersion = 10.0.0;
				minimumVersion = 9.0.0;
			};
		};
/* End XCRemoteSwiftPackageReference section */

/* Begin XCSwiftPackageProductDependency section */
		FAEAC7DC29D90E0C00A34C00 /* FirebaseFirestore */ = {
			isa = XCSwiftPackageProductDependency;
			package = FAEAC7DB29D90E0C00A34C00 /* XCRemoteSwiftPackageReference "firebase-ios-sdk" */;
			productName = FirebaseFirestore;
		};
/* End XCSwiftPackageProductDependency section */
	};
	rootObject = FAEAC7BA29D90A4900A34C00 /* Project object */;
}
